cloud.google.com/go v0.34.0/go.mod h1:aQUYkXzVsufM+DwF1aE+0xfcU+56JwCaLick0ClmMTw=
github.com/BurntSushi/toml v0.3.1 h1:WXkYYl6Yr3qBf1K79EBnL4mak0OimBfB0XUf9Vl28OQ=
github.com/BurntSushi/toml v0.3.1/go.mod h1:xHWCNGjB5oqiDr8zfno3MHue2Ht5sIBksp03qcyfWMU=
github.com/Masterminds/semver v1.4.2 h1:WBLTQ37jOCzSLtXNdoo8bNM8876KhNqOKvrlGITgsTc=
github.com/Masterminds/semver v1.4.2/go.mod h1:MB6lktGJrhw8PrUyiEoblNEGEQ+RzHPF078ddwwvV3Y=
github.com/Masterminds/sprig v2.16.0+incompatible h1:QZbMUPxRQ50EKAq3LFMnxddMu88/EUUG3qmxwtDmPsY=
github.com/Masterminds/sprig v2.16.0+incompatible/go.mod h1:y6hNFY5UBTIWBxnzTeuNhlNS5hqE0NB0E6fgfo2Br3o=
github.com/aokoli/goutils v1.0.1 h1:7fpzNGoJ3VA8qcrm++XEE1QUe0mIwNeLa02Nwq7RDkg=
github.com/aokoli/goutils v1.0.1/go.mod h1:SijmP0QR8LtwsmDs8Yii5Z/S4trXFGFC2oO5g9DP+DQ=
github.com/cyphar/filepath-securejoin v0.2.2 h1:jCwT2GTP+PY5nBz3c/YL5PAIbusElVrPujOBSCj8xRg=
github.com/cyphar/filepath-securejoin v0.2.2/go.mod h1:FpkQEhXnPnOthhzymB7CGsFk2G9VLXONKD9G7QGMM+4=
github.com/davecgh/go-spew v1.1.1 h1:vj9j/u1bqnvCEfJOwUhtlOARqs3+rkHYY13jYWTU97c=
github.com/davecgh/go-spew v1.1.1/go.mod h1:J7Y8YcW2NihsgmVo/mv3lAwl/skON4iLHjSsI+c5H38=
github.com/fsnotify/fsnotify v1.4.7 h1:IXs+QLmnXW2CcXuY+8Mzv/fWEsPGWxqefPtCP5CnV9I=
github.com/fsnotify/fsnotify v1.4.7/go.mod h1:jwhsz4b93w/PPRr/qN1Yymfu8t87LnFCMoQvtojpjFo=
github.com/ghodss/yaml v1.0.0 h1:wQHKEahhL6wmXdzwWG11gIVCkOv05bNOh+Rxn0yngAk=
github.com/ghodss/yaml v1.0.0/go.mod h1:4dBDuWmgqj2HViK6kFavaiC9ZROes6MMH2rRYeMEF04=
github.com/gobwas/glob v0.2.3 h1:A4xDbljILXROh+kObIiy5kIaPYD8e96x1tgBhUI5J+Y=
github.com/gobwas/glob v0.2.3/go.mod h1:d3Ez4x06l9bZtSvzIay5+Yzi0fmZzPgnTbPcKjJAkT8=
github.com/gogo/protobuf v1.1.1 h1:72R+M5VuhED/KujmZVcIquuo8mBgX4oVda//DQb3PXo=
github.com/gogo/protobuf v1.1.1/go.mod h1:r8qH/GZQm5c6nD/R0oafs1akxWv10x8SbQlK7atdtwQ=
github.com/golang/glog v0.0.0-20141105023935-44145f04b68c h1:CbdkBQ1/PiAo0FYJhQGwASD8wrgNvTdf01g6+O9tNuA=
github.com/golang/glog v0.0.0-20141105023935-44145f04b68c/go.mod h1:SBH7ygxi8pfUlaOkMMuAQtPIUF8ecWP5IEl/CR7VP2Q=
github.com/golang/groupcache v0.0.0-20181024230925-c65c006176ff h1:kOkM9whyQYodu09SJ6W3NCsHG7crFaJILQ22Gozp3lg=
github.com/golang/groupcache v0.0.0-20181024230925-c65c006176ff/go.mod h1:cIg4eruTrX1D+g88fzRXU5OdNfaM+9IcxsU14FzY7Hc=
github.com/golang/protobuf v1.2.0 h1:P3YflyNX/ehuJFLhxviNdFxQPkGK5cDcApsge1SqnvM=
github.com/golang/protobuf v1.2.0/go.mod h1:6lQm79b+lXiMfvg/cZm0SGofjICqVBUtrP5yJMmIC1U=
github.com/google/btree v1.0.0 h1:0udJVsspx3VBr5FwtLhQQtuAsVc79tTq0ocGIPAU6qo=
github.com/google/btree v1.0.0/go.mod h1:lNA+9X1NB3Zf8V7Ke586lFgjr2dZNuvo3lPJSGZ5JPQ=
github.com/google/gofuzz v0.0.0-20170612174753-24818f796faf h1:+RRA9JqSOZFfKrOeqr2z77+8R2RKyh8PG66dcu1V0ck=
github.com/google/gofuzz v0.0.0-20170612174753-24818f796faf/go.mod h1:HP5RmnzzSNb993RKQDq4+1A4ia9nllfqcQFTQJedwGI=
github.com/google/uuid v1.1.0 h1:Jf4mxPC/ziBnoPIdpQdPJ9OeiomAUHLvxmPRSPH9m4s=
github.com/google/uuid v1.1.0/go.mod h1:TIyPZe4MgqvfeYDBFedMoGGpEw/LqOeaOT+nhxU+yHo=
github.com/googleapis/gnostic v0.2.0 h1:l6N3VoaVzTncYYW+9yOz2LJJammFZGBO13sqgEhpy9g=
github.com/googleapis/gnostic v0.2.0/go.mod h1:sJBsCZ4ayReDTBIg8b9dl28c5xFWyhBTVRp3pOg5EKY=
github.com/gregjones/httpcache v0.0.0-20181110185634-c63ab54fda8f h1:ShTPMJQes6tubcjzGMODIVG5hlrCeImaBnZzKF2N8SM=
github.com/gregjones/httpcache v0.0.0-20181110185634-c63ab54fda8f/go.mod h1:FecbI9+v66THATjSRHfNgh1IVFe/9kFxbXtjV0ctIMA=
github.com/hashicorp/golang-lru v0.5.0 h1:CL2msUPvZTLb5O648aiLNJw3hnBxN2+1Jq8rCOH9wdo=
github.com/hashicorp/golang-lru v0.5.0/go.mod h1:/m3WP610KZHVQ1SGc6re/UDhFvYD7pJ4Ao+sR/qLZy8=
github.com/hpcloud/tail v1.0.0 h1:nfCOvKYfkgYP8hkirhJocXT2+zOD8yUNjXaWfTlyFKI=
github.com/hpcloud/tail v1.0.0/go.mod h1:ab1qPbhIpdTxEkNHXyeSf5vhxWSCs/tWer42PpOxQnU=
github.com/huandu/xstrings v1.2.0 h1:yPeWdRnmynF7p+lLYz0H2tthW9lqhMJrQV/U7yy4wX0=
github.com/huandu/xstrings v1.2.0/go.mod h1:DvyZB1rfVYsBIigL8HwpZgxHwXozlTgGqn63UyNX5k4=
github.com/imdario/mergo v0.3.6 h1:xTNEAn+kxVO7dTZGu0CegyqKZmoWFI0rF8UxjlB2d28=
github.com/imdario/mergo v0.3.6/go.mod h1:2EnlNZ0deacrJVfApfmtdGgDfMuh/nq6Ok1EcJh5FfA=
github.com/inconshreveable/mousetrap v1.0.0 h1:Z8tu5sraLXCXIcARxBp/8cbvlwVa7Z1NHg9XEKhtSvM=
github.com/inconshreveable/mousetrap v1.0.0/go.mod h1:PxqpIevigyE2G7u3NXJIT2ANytuPF1OarO4DADm73n8=
github.com/json-iterator/go v1.1.5 h1:gL2yXlmiIo4+t+y32d4WGwOjKGYcGOuyrg46vadswDE=
github.com/json-iterator/go v1.1.5/go.mod h1:+SdeFBvtyEkXs7REEP0seUULqWtbJapLOCVDaaPEHmU=
github.com/konsorten/go-windows-terminal-sequences v1.0.1 h1:mweAR1A6xJ3oS2pRaGiHgQ4OO8tzTaLawm8vnODuwDk=
github.com/konsorten/go-windows-terminal-sequences v1.0.1/go.mod h1:T0+1ngSBFLxvqU3pZ+m/2kptfBszLMUkC4ZK/EgS/cQ=
github.com/modern-go/concurrent v0.0.0-20180306012644-bacd9c7ef1dd h1:TRLaZ9cD/w8PVh93nsPXa1VrQ6jlwL5oN8l14QlcNfg=
github.com/modern-go/concurrent v0.0.0-20180306012644-bacd9c7ef1dd/go.mod h1:6dJC0mAP4ikYIbvyc7fijjWJddQyLn8Ig3JB5CqoB9Q=
github.com/modern-go/reflect2 v0.0.0-20180701023420-4b7aa43c6742 h1:Esafd1046DLDQ0W1YjYsBW+p8U2u7vzgW2SQVmlNazg=
github.com/modern-go/reflect2 v0.0.0-20180701023420-4b7aa43c6742/go.mod h1:bx2lNnkwVCuqBIxFjflWJWanXIb3RllmbCylyMrvgv0=
github.com/onsi/ginkgo v1.6.0/go.mod h1:lLunBs/Ym6LB5Z9jYTR76FiuTmxDTDusOGeTQH+WWjE=
github.com/onsi/ginkgo v1.8.0 h1:VkHVNpR4iVnU8XQR6DBm8BqYjN7CRzw+xKUbVVbbW9w=
github.com/onsi/ginkgo v1.8.0/go.mod h1:lLunBs/Ym6LB5Z9jYTR76FiuTmxDTDusOGeTQH+WWjE=
github.com/onsi/gomega v1.5.0 h1:izbySO9zDPmjJ8rDjLvkA2zJHIo+HkYXHnf7eN7SSyo=
github.com/onsi/gomega v1.5.0/go.mod h1:ex+gbHU/CVuBBDIJjb2X0qEXbFg53c61hWP/1CpauHY=
github.com/peterbourgon/diskv v2.0.1+incompatible h1:UBdAOUP5p4RWqPBg048CAvpKN+vxiaj6gdUUzhl4XmI=
github.com/peterbourgon/diskv v2.0.1+incompatible/go.mod h1:uqqh8zWWbv1HBMNONnaR/tNboyR3/BZd58JJSHlUSCU=
github.com/pkg/errors v0.8.1 h1:iURUrRGxPUNPdy5/HRSm+Yj6okJ6UtLINN0Q9M4+h3I=
github.com/pkg/errors v0.8.1/go.mod h1:bwawxfHBFNV+L2hUp1rHADufV3IMtnDRdf1r5NINEl0=
github.com/pmezard/go-difflib v1.0.0 h1:4DBwDE0NGyQoBHbLQYPwSUPoCMWR5BEzIk/f1lZbAQM=
github.com/pmezard/go-difflib v1.0.0/go.mod h1:iKH77koFhYxTK1pcRnkKkqfTogsbg7gZNVY4sRDYZ/4=
github.com/sirupsen/logrus v1.2.0 h1:juTguoYk5qI21pwyTXY3B3Y5cOTH3ZUyZCg1v/mihuo=
github.com/sirupsen/logrus v1.2.0/go.mod h1:LxeOpSwHxABJmUn/MG1IvRgCAasNZTLOkJPxbbu5VWo=
github.com/spf13/cobra v0.0.3 h1:ZlrZ4XsMRm04Fr5pSFxBgfND2EBVa1nLpiy1stUsX/8=
github.com/spf13/cobra v0.0.3/go.mod h1:1l0Ry5zgKvJasoi3XT1TypsSe7PqH0Sj9dhYf7v3XqQ=
github.com/spf13/pflag v1.0.3 h1:zPAT6CGy6wXeQ7NtTnaTerfKOsV6V6F8agHXFiazDkg=
github.com/spf13/pflag v1.0.3/go.mod h1:DYY7MBk1bdzusC3SYhjObp+wFpr4gzcvqqNjLnInEg4=
github.com/stretchr/objx v0.1.1/go.mod h1:HFkY916IF+rwdDfMAkV7OtwuqBVzrE8GR6GFx+wExME=
github.com/stretchr/testify v1.2.2 h1:bSDNvY7ZPG5RlJ8otE/7V6gMiyenm9RtJ7IUVIAoJ1w=
github.com/stretchr/testify v1.2.2/go.mod h1:a8OnRcib4nhh0OaRAV+Yts87kKdq0PP7pXfy6kDkUVs=
golang.org/x/crypto v0.0.0-20180904163835-0709b304e793 h1:u+LnwYTOOW7Ukr/fppxEb1Nwz0AtPflrblfvUudpo+I=
golang.org/x/crypto v0.0.0-20180904163835-0709b304e793/go.mod h1:6SG95UA2DQfeDnfUPMdvaQW0Q7yPrPDi9nlGo2tz2b4=
golang.org/x/net v0.0.0-20180724234803-3673e40ba225/go.mod h1:mL1N/T3taQHkDXs73rZJwtUhF3w3ftmwwsq0BUmARs4=
golang.org/x/net v0.0.0-20180906233101-161cd47e91fd/go.mod h1:mL1N/T3taQHkDXs73rZJwtUhF3w3ftmwwsq0BUmARs4=
golang.org/x/net v0.0.0-20190108225652-1e06a53dbb7e h1:bRhVy7zSSasaqNksaRZiA5EEI+Ei4I1nO5Jh72wfHlg=
golang.org/x/net v0.0.0-20190108225652-1e06a53dbb7e/go.mod h1:mL1N/T3taQHkDXs73rZJwtUhF3w3ftmwwsq0BUmARs4=
golang.org/x/oauth2 v0.0.0-20190402181905-9f3314589c9a h1:tImsplftrFpALCYumobsd0K86vlAs/eXGFms2txfJfA=
golang.org/x/oauth2 v0.0.0-20190402181905-9f3314589c9a/go.mod h1:gOpvHmFTYa4IltrdGE7lF6nIHvwfUNPOp7c8zoXwtLw=
golang.org/x/sync v0.0.0-20180314180146-1d60e4601c6f/go.mod h1:RxMgew5VJxzue5/jJTE5uejpjVlOe/izrB70Jof72aM=
golang.org/x/sync v0.0.0-20181221193216-37e7f081c4d4/go.mod h1:RxMgew5VJxzue5/jJTE5uejpjVlOe/izrB70Jof72aM=
golang.org/x/sync v0.0.0-20190423024810-112230192c58 h1:8gQV6CLnAEikrhgkHFbMAEhagSSnXWGV915qUMm9mrU=
golang.org/x/sync v0.0.0-20190423024810-112230192c58/go.mod h1:RxMgew5VJxzue5/jJTE5uejpjVlOe/izrB70Jof72aM=
golang.org/x/sys v0.0.0-20180905080454-ebe1bf3edb33 h1:I6FyU15t786LL7oL/hn43zqTuEGr4PN7F4XJ1p4E3Y8=
golang.org/x/sys v0.0.0-20180905080454-ebe1bf3edb33/go.mod h1:STP8DvDyc/dI5b8T5hshtkjS+E42TnysNCUPdjciGhY=
golang.org/x/sys v0.0.0-20180909124046-d0be0721c37e h1:o3PsSEY8E4eXWkXrIP9YJALUkVZqzHJT5DOasTyn8Vs=
golang.org/x/sys v0.0.0-20180909124046-d0be0721c37e/go.mod h1:STP8DvDyc/dI5b8T5hshtkjS+E42TnysNCUPdjciGhY=
golang.org/x/text v0.3.0 h1:g61tztE5qeGQ89tm6NTjjM9VPIm088od1l6aSorWRWg=
golang.org/x/text v0.3.0/go.mod h1:NqM8EUOU14njkJ3fqMW+pc6Ldnwhi/IjpwHt7yyuwOQ=
golang.org/x/time v0.0.0-20190308202827-9d24e82272b4 h1:SvFZT6jyqRaOeXpc5h/JSfZenJ2O330aBsf7JfSUXmQ=
golang.org/x/time v0.0.0-20190308202827-9d24e82272b4/go.mod h1:tRJNPiyCQ0inRvYxbN9jk5I+vvW/OXSQhTDSoE431IQ=
google.golang.org/appengine v1.4.0 h1:/wp5JvzpHIxhs/dumFmF7BXTf3Z+dd4uXta4kVyO508=
google.golang.org/appengine v1.4.0/go.mod h1:xpcJRLb0r/rnEns0DIKYYv+WjYCduHsrkT7/EB5XEv4=
gopkg.in/check.v1 v0.0.0-20161208181325-20d25e280405 h1:yhCVgyC4o1eVCa2tZl7eS0r+SDo693bJlVdllGtEeKM=
gopkg.in/check.v1 v0.0.0-20161208181325-20d25e280405/go.mod h1:Co6ibVJAznAaIkqp8huTwlJQCZ016jof/cbN4VW5Yz0=
gopkg.in/fsnotify.v1 v1.4.7 h1:xOHLXZwVvI9hhs+cLKq5+I5onOuwQLhQwiu63xxlHs4=
gopkg.in/fsnotify.v1 v1.4.7/go.mod h1:Tz8NjZHkW78fSQdbUxIjBTcgA1z1m8ZHf0WmKUhAMys=
gopkg.in/inf.v0 v0.9.1 h1:73M5CoZyi3ZLMOyDlQh031Cx6N9NDJ2Vvfl76EDAgDc=
gopkg.in/inf.v0 v0.9.1/go.mod h1:cWUDdTG/fYaXco+Dcufb5Vnc6Gp2YChqWtbxRZE0mXw=
gopkg.in/tomb.v1 v1.0.0-20141024135613-dd632973f1e7 h1:uRGJdciOHaEIrze2W8Q3AKkepLTh2hOroT7a+7czfdQ=
gopkg.in/tomb.v1 v1.0.0-20141024135613-dd632973f1e7/go.mod h1:dt/ZhP58zS4L8KSrWDmTeBkI65Dw0HsyUHuEVlX15mw=
gopkg.in/yaml.v2 v2.2.1 h1:mUhvW9EsL+naU5Q3cakzfE91YhliOondGd6ZrsDBHQE=
gopkg.in/yaml.v2 v2.2.1/go.mod h1:hI93XBmqTisBFMUTm0b8Fm+jr3Dg1NNxqwp+5A1VGuI=
k8s.io/api v0.0.0-20190325144926-266ff08fa05d h1:s26D0gEck3qSZopZRiaVtlwKErnRfo3bEfB/a3mBWYg=
k8s.io/api v0.0.0-20190325144926-266ff08fa05d/go.mod h1:iuAfoD4hCxJ8Onx9kaTIt30j7jUFS00AXQi6QMi99vA=
k8s.io/apiextensions-apiserver v0.0.0-20181121072900-e8a638592964 h1:xXmxmtvxdq31qsBaNCZtQ28d9pu01EWUbXDQmMmCM6Q=
k8s.io/apiextensions-apiserver v0.0.0-20181121072900-e8a638592964/go.mod h1:IxkesAMoaCRoLrPJdZNZUQp9NfZnzqaVzLhb2VEQzXE=
k8s.io/apimachinery v0.0.0-20190221084156-01f179d85dbc h1:7z9/6jKWBqkK9GI1RRB0B5fZcmkatLQ/nv8kysch24o=
k8s.io/apimachinery v0.0.0-20190221084156-01f179d85dbc/go.mod h1:ccL7Eh7zubPUSh9A3USN90/OzHNSVN6zxzde07TDCL0=
k8s.io/client-go v0.0.0-20190325145348-5392b64e5c0b h1:lMjvfY30Oy1FKMThnaRTQgJK4U2+dHnn/pkNcw4JyXc=
k8s.io/client-go v0.0.0-20190325145348-5392b64e5c0b/go.mod h1:7vJpHMYJwNQCWgzmNV+VYUl1zCObLyodBc8nIyt8L5s=
k8s.io/helm v2.13.1+incompatible h1:qt0LBsHQ7uxCtS3F2r3XI0DNm8ml0xQeSJixUorDyn0=
k8s.io/helm v2.13.1+incompatible/go.mod h1:LZzlS4LQBHfciFOurYBFkCMTaZ0D1l+p0teMg7TSULI=
k8s.io/kube-openapi v0.0.0-20181114233023-0317810137be h1:aWEq4nbj7HRJ0mtKYjNSk/7X28Tl6TI6FeG8gKF+r7Q=
k8s.io/kube-openapi v0.0.0-20181114233023-0317810137be/go.mod h1:BXM9ceUBTj2QnfH2MK1odQs778ajze1RxcmP6S8RVVc=
